// !$*UTF8*$!
{
	archiveVersion = 1;
	classes = {
	};
	objectVersion = 50;
	objects = {

/* Begin PBXBuildFile section */
		13051B7121A8C5560029CB18 /* bottonborder2.swift in Sources */ = {isa = PBXBuildFile; fileRef = 13051B7021A8C5560029CB18 /* bottonborder2.swift */; };
		130B5D5521A702BD009D139B /* AppDelegate.swift in Sources */ = {isa = PBXBuildFile; fileRef = 130B5D5421A702BD009D139B /* AppDelegate.swift */; };
		130B5D5721A702BD009D139B /* welcomVC.swift in Sources */ = {isa = PBXBuildFile; fileRef = 130B5D5621A702BD009D139B /* welcomVC.swift */; };
		130B5D5A21A702BD009D139B /* Main.storyboard in Resources */ = {isa = PBXBuildFile; fileRef = 130B5D5821A702BD009D139B /* Main.storyboard */; };
		130B5D5C21A702BE009D139B /* Assets.xcassets in Resources */ = {isa = PBXBuildFile; fileRef = 130B5D5B21A702BE009D139B /* Assets.xcassets */; };
		130B5D5F21A702BE009D139B /* LaunchScreen.storyboard in Resources */ = {isa = PBXBuildFile; fileRef = 130B5D5D21A702BE009D139B /* LaunchScreen.storyboard */; };
		130B5D6A21A70C0B009D139B /* calcVC.swift in Sources */ = {isa = PBXBuildFile; fileRef = 130B5D6921A70C0B009D139B /* calcVC.swift */; };
		130B5D6C21A70DB8009D139B /* buttonborder.swift in Sources */ = {isa = PBXBuildFile; fileRef = 130B5D6B21A70DB8009D139B /* buttonborder.swift */; };
		1333BBE621A752FD00E9271E /* showVC.swift in Sources */ = {isa = PBXBuildFile; fileRef = 1333BBE521A752FD00E9271E /* showVC.swift */; };
		139FD07921A9957B0088DD4F /* textfeildstyle.swift in Sources */ = {isa = PBXBuildFile; fileRef = 139FD07821A9957B0088DD4F /* textfeildstyle.swift */; };
		139FD07B21A9976D0088DD4F /* pickerstyle.swift in Sources */ = {isa = PBXBuildFile; fileRef = 139FD07A21A9976D0088DD4F /* pickerstyle.swift */; };
		139FD07D21A9A6E30088DD4F /* startbutt.swift in Sources */ = {isa = PBXBuildFile; fileRef = 139FD07C21A9A6E30088DD4F /* startbutt.swift */; };
/* End PBXBuildFile section */

/* Begin PBXFileReference section */
		13051B7021A8C5560029CB18 /* bottonborder2.swift */ = {isa = PBXFileReference; lastKnownFileType = sourcecode.swift; path = bottonborder2.swift; sourceTree = "<group>"; };
		130B5D5121A702BD009D139B /* calccalory.app */ = {isa = PBXFileReference; explicitFileType = wrapper.application; includeInIndex = 0; path = calccalory.app; sourceTree = BUILT_PRODUCTS_DIR; };
		130B5D5421A702BD009D139B /* AppDelegate.swift */ = {isa = PBXFileReference; lastKnownFileType = sourcecode.swift; path = AppDelegate.swift; sourceTree = "<group>"; };
		130B5D5621A702BD009D139B /* welcomVC.swift */ = {isa = PBXFileReference; lastKnownFileType = sourcecode.swift; path = welcomVC.swift; sourceTree = "<group>"; };
		130B5D5921A702BD009D139B /* Base */ = {isa = PBXFileReference; lastKnownFileType = file.storyboard; name = Base; path = Base.lproj/Main.storyboard; sourceTree = "<group>"; };
		130B5D5B21A702BE009D139B /* Assets.xcassets */ = {isa = PBXFileReference; lastKnownFileType = folder.assetcatalog; path = Assets.xcassets; sourceTree = "<group>"; };
		130B5D5E21A702BE009D139B /* Base */ = {isa = PBXFileReference; lastKnownFileType = file.storyboard; name = Base; path = Base.lproj/LaunchScreen.storyboard; sourceTree = "<group>"; };
		130B5D6021A702BE009D139B /* Info.plist */ = {isa = PBXFileReference; lastKnownFileType = text.plist.xml; path = Info.plist; sourceTree = "<group>"; };
		130B5D6921A70C0B009D139B /* calcVC.swift */ = {isa = PBXFileReference; lastKnownFileType = sourcecode.swift; path = calcVC.swift; sourceTree = "<group>"; };
		130B5D6B21A70DB8009D139B /* buttonborder.swift */ = {isa = PBXFileReference; lastKnownFileType = sourcecode.swift; path = buttonborder.swift; sourceTree = "<group>"; };
		1333BBE521A752FD00E9271E /* showVC.swift */ = {isa = PBXFileReference; lastKnownFileType = sourcecode.swift; path = showVC.swift; sourceTree = "<group>"; };
		139FD07821A9957B0088DD4F /* textfeildstyle.swift */ = {isa = PBXFileReference; lastKnownFileType = sourcecode.swift; path = textfeildstyle.swift; sourceTree = "<group>"; };
		139FD07A21A9976D0088DD4F /* pickerstyle.swift */ = {isa = PBXFileReference; lastKnownFileType = sourcecode.swift; path = pickerstyle.swift; sourceTree = "<group>"; };
		139FD07C21A9A6E30088DD4F /* startbutt.swift */ = {isa = PBXFileReference; lastKnownFileType = sourcecode.swift; path = startbutt.swift; sourceTree = "<group>"; };
/* End PBXFileReference section */

/* Begin PBXFrameworksBuildPhase section */
		130B5D4E21A702BD009D139B /* Frameworks */ = {
			isa = PBXFrameworksBuildPhase;
			buildActionMask = 2147483647;
			files = (
			);
			runOnlyForDeploymentPostprocessing = 0;
		};
/* End PBXFrameworksBuildPhase section */

/* Begin PBXGroup section */
		130B5D4821A702BD009D139B = {
			isa = PBXGroup;
			children = (
				130B5D5321A702BD009D139B /* calccalory */,
				130B5D5221A702BD009D139B /* Products */,
			);
			sourceTree = "<group>";
		};
		130B5D5221A702BD009D139B /* Products */ = {
			isa = PBXGroup;
			children = (
				130B5D5121A702BD009D139B /* calccalory.app */,
			);
			name = Products;
			sourceTree = "<group>";
		};
		130B5D5321A702BD009D139B /* calccalory */ = {
			isa = PBXGroup;
			children = (
				130B5D6821A7040A009D139B /* Models */,
				130B5D6721A703FE009D139B /* Controllers */,
				130B5D6621A703E9009D139B /* Views */,
				130B5D5821A702BD009D139B /* Main.storyboard */,
				130B5D5421A702BD009D139B /* AppDelegate.swift */,
				130B5D5B21A702BE009D139B /* Assets.xcassets */,
				130B5D5D21A702BE009D139B /* LaunchScreen.storyboard */,
				130B5D6021A702BE009D139B /* Info.plist */,
			);
			path = calccalory;
			sourceTree = "<group>";
		};
		130B5D6621A703E9009D139B /* Views */ = {
			isa = PBXGroup;
			children = (
				130B5D6B21A70DB8009D139B /* buttonborder.swift */,
				13051B7021A8C5560029CB18 /* bottonborder2.swift */,
				139FD07821A9957B0088DD4F /* textfeildstyle.swift */,
				139FD07A21A9976D0088DD4F /* pickerstyle.swift */,
				139FD07C21A9A6E30088DD4F /* startbutt.swift */,
			);
			path = Views;
			sourceTree = "<group>";
		};
		130B5D6721A703FE009D139B /* Controllers */ = {
			isa = PBXGroup;
			children = (
				130B5D5621A702BD009D139B /* welcomVC.swift */,
				130B5D6921A70C0B009D139B /* calcVC.swift */,
				1333BBE521A752FD00E9271E /* showVC.swift */,
			);
			path = Controllers;
			sourceTree = "<group>";
		};
		130B5D6821A7040A009D139B /* Models */ = {
			isa = PBXGroup;
			children = (
			);
			path = Models;
			sourceTree = "<group>";
		};
/* End PBXGroup section */

/* Begin PBXNativeTarget section */
		130B5D5021A702BD009D139B /* calccalory */ = {
			isa = PBXNativeTarget;
			buildConfigurationList = 130B5D6321A702BE009D139B /* Build configuration list for PBXNativeTarget "calccalory" */;
			buildPhases = (
				130B5D4D21A702BD009D139B /* Sources */,
				130B5D4E21A702BD009D139B /* Frameworks */,
				130B5D4F21A702BD009D139B /* Resources */,
			);
			buildRules = (
			);
			dependencies = (
			);
			name = calccalory;
			productName = calccalory;
			productReference = 130B5D5121A702BD009D139B /* calccalory.app */;
			productType = "com.apple.product-type.application";
		};
/* End PBXNativeTarget section */

/* Begin PBXProject section */
		130B5D4921A702BD009D139B /* Project object */ = {
			isa = PBXProject;
			attributes = {
				LastSwiftUpdateCheck = 1010;
				LastUpgradeCheck = 1010;
				ORGANIZATIONNAME = Mourad;
				TargetAttributes = {
					130B5D5021A702BD009D139B = {
						CreatedOnToolsVersion = 10.1;
					};
				};
			};
			buildConfigurationList = 130B5D4C21A702BD009D139B /* Build configuration list for PBXProject "calccalory" */;
			compatibilityVersion = "Xcode 9.3";
			developmentRegion = en;
			hasScannedForEncodings = 0;
			knownRegions = (
				en,
				Base,
			);
			mainGroup = 130B5D4821A702BD009D139B;
			productRefGroup = 130B5D5221A702BD009D139B /* Products */;
			projectDirPath = "";
			projectRoot = "";
			targets = (
				130B5D5021A702BD009D139B /* calccalory */,
			);
		};
/* End PBXProject section */

/* Begin PBXResourcesBuildPhase section */
		130B5D4F21A702BD009D139B /* Resources */ = {
			isa = PBXResourcesBuildPhase;
			buildActionMask = 2147483647;
			files = (
				130B5D5F21A702BE009D139B /* LaunchScreen.storyboard in Resources */,
				130B5D5C21A702BE009D139B /* Assets.xcassets in Resources */,
				130B5D5A21A702BD009D139B /* Main.storyboard in Resources */,
			);
			runOnlyForDeploymentPostprocessing = 0;
		};
/* End PBXResourcesBuildPhase section */

/* Begin PBXSourcesBuildPhase section */
		130B5D4D21A702BD009D139B /* Sources */ = {
			isa = PBXSourcesBuildPhase;
			buildActionMask = 2147483647;
			files = (
				1333BBE621A752FD00E9271E /* showVC.swift in Sources */,
				130B5D5721A702BD009D139B /* welcomVC.swift in Sources */,
				13051B7121A8C5560029CB18 /* bottonborder2.swift in Sources */,
				139FD07B21A9976D0088DD4F /* pickerstyle.swift in Sources */,
				139FD07921A9957B0088DD4F /* textfeildstyle.swift in Sources */,
				130B5D5521A702BD009D139B /* AppDelegate.swift in Sources */,
				130B5D6A21A70C0B009D139B /* calcVC.swift in Sources */,
				130B5D6C21A70DB8009D139B /* buttonborder.swift in Sources */,
				139FD07D21A9A6E30088DD4F /* startbutt.swift in Sources */,
			);
			runOnlyForDeploymentPostprocessing = 0;
		};
/* End PBXSourcesBuildPhase section */

/* Begin PBXVariantGroup section */
		130B5D5821A702BD009D139B /* Main.storyboard */ = {
			isa = PBXVariantGroup;
			children = (
				130B5D5921A702BD009D139B /* Base */,
			);
			name = Main.storyboard;
			sourceTree = "<group>";
		};
		130B5D5D21A702BE009D139B /* LaunchScreen.storyboard */ = {
			isa = PBXVariantGroup;
			children = (
				130B5D5E21A702BE009D139B /* Base */,
			);
			name = LaunchScreen.storyboard;
			sourceTree = "<group>";
		};
/* End PBXVariantGroup section */

/* Begin XCBuildConfiguration section */
		130B5D6121A702BE009D139B /* Debug */ = {
			isa = XCBuildConfiguration;
			buildSettings = {
				ALWAYS_SEARCH_USER_PATHS = NO;
				CLANG_ANALYZER_NONNULL = YES;
				CLANG_ANALYZER_NUMBER_OBJECT_CONVERSION = YES_AGGRESSIVE;
				CLANG_CXX_LANGUAGE_STANDARD = "gnu++14";
				CLANG_CXX_LIBRARY = "libc++";
				CLANG_ENABLE_MODULES = YES;
				CLANG_ENABLE_OBJC_ARC = YES;
				CLANG_ENABLE_OBJC_WEAK = YES;
				CLANG_WARN_BLOCK_CAPTURE_AUTORELEASING = YES;
				CLANG_WARN_BOOL_CONVERSION = YES;
				CLANG_WARN_COMMA = YES;
				CLANG_WARN_CONSTANT_CONVERSION = YES;
				CLANG_WARN_DEPRECATED_OBJC_IMPLEMENTATIONS = YES;
				CLANG_WARN_DIRECT_OBJC_ISA_USAGE = YES_ERROR;
				CLANG_WARN_DOCUMENTATION_COMMENTS = YES;
				CLANG_WARN_EMPTY_BODY = YES;
				CLANG_WARN_ENUM_CONVERSION = YES;
				CLANG_WARN_INFINITE_RECURSION = YES;
				CLANG_WARN_INT_CONVERSION = YES;
				CLANG_WARN_NON_LITERAL_NULL_CONVERSION = YES;
				CLANG_WARN_OBJC_IMPLICIT_RETAIN_SELF = YES;
				CLANG_WARN_OBJC_LITERAL_CONVERSION = YES;
				CLANG_WARN_OBJC_ROOT_CLASS = YES_ERROR;
				CLANG_WARN_RANGE_LOOP_ANALYSIS = YES;
				CLANG_WARN_STRICT_PROTOTYPES = YES;
				CLANG_WARN_SUSPICIOUS_MOVE = YES;
				CLANG_WARN_UNGUARDED_AVAILABILITY = YES_AGGRESSIVE;
				CLANG_WARN_UNREACHABLE_CODE = YES;
				CLANG_WARN__DUPLICATE_METHOD_MATCH = YES;
				CODE_SIGN_IDENTITY = "iPhone Developer";
				COPY_PHASE_STRIP = NO;
				DEBUG_INFORMATION_FORMAT = dwarf;
				ENABLE_STRICT_OBJC_MSGSEND = YES;
				ENABLE_TESTABILITY = YES;
				GCC_C_LANGUAGE_STANDARD = gnu11;
				GCC_DYNAMIC_NO_PIC = NO;
				GCC_NO_COMMON_BLOCKS = YES;
				GCC_OPTIMIZATION_LEVEL = 0;
				GCC_PREPROCESSOR_DEFINITIONS = (
					"DEBUG=1",
					"$(inherited)",
				);
				GCC_WARN_64_TO_32_BIT_CONVERSION = YES;
				GCC_WARN_ABOUT_RETURN_TYPE = YES_ERROR;
				GCC_WARN_UNDECLARED_SELECTOR = YES;
				GCC_WARN_UNINITIALIZED_AUTOS = YES_AGGRESSIVE;
				GCC_WARN_UNUSED_FUNCTION = YES;
				GCC_WARN_UNUSED_VARIABLE = YES;
				IPHONEOS_DEPLOYMENT_TARGET = 12.1;
				MTL_ENABLE_DEBUG_INFO = INCLUDE_SOURCE;
				MTL_FAST_MATH = YES;
				ONLY_ACTIVE_ARCH = YES;
				SDKROOT = iphoneos;
				SWIFT_ACTIVE_COMPILATION_CONDITIONS = DEBUG;
				SWIFT_OPTIMIZATION_LEVEL = "-Onone";
			};
			name = Debug;
		};
		130B5D6221A702BE009D139B /* Release */ = {
			isa = XCBuildConfiguration;
			buildSettings = {
				ALWAYS_SEARCH_USER_PATHS = NO;
				CLANG_ANALYZER_NONNULL = YES;
				CLANG_ANALYZER_NUMBER_OBJECT_CONVERSION = YES_AGGRESSIVE;
				CLANG_CXX_LANGUAGE_STANDARD = "gnu++14";
				CLANG_CXX_LIBRARY = "libc++";
				CLANG_ENABLE_MODULES = YES;
				CLANG_ENABLE_OBJC_ARC = YES;
				CLANG_ENABLE_OBJC_WEAK = YES;
				CLANG_WARN_BLOCK_CAPTURE_AUTORELEASING = YES;
				CLANG_WARN_BOOL_CONVERSION = YES;
				CLANG_WARN_COMMA = YES;
				CLANG_WARN_CONSTANT_CONVERSION = YES;
				CLANG_WARN_DEPRECATED_OBJC_IMPLEMENTATIONS = YES;
				CLANG_WARN_DIRECT_OBJC_ISA_USAGE = YES_ERROR;
				CLANG_WARN_DOCUMENTATION_COMMENTS = YES;
				CLANG_WARN_EMPTY_BODY = YES;
				CLANG_WARN_ENUM_CONVERSION = YES;
				CLANG_WARN_INFINITE_RECURSION = YES;
				CLANG_WARN_INT_CONVERSION = YES;
				CLANG_WARN_NON_LITERAL_NULL_CONVERSION = YES;
				CLANG_WARN_OBJC_IMPLICIT_RETAIN_SELF = YES;
				CLANG_WARN_OBJC_LITERAL_CONVERSION = YES;
				CLANG_WARN_OBJC_ROOT_CLASS = YES_ERROR;
				CLANG_WARN_RANGE_LOOP_ANALYSIS = YES;
				CLANG_WARN_STRICT_PROTOTYPES = YES;
				CLANG_WARN_SUSPICIOUS_MOVE = YES;
				CLANG_WARN_UNGUARDED_AVAILABILITY = YES_AGGRESSIVE;
				CLANG_WARN_UNREACHABLE_CODE = YES;
				CLANG_WARN__DUPLICATE_METHOD_MATCH = YES;
				CODE_SIGN_IDENTITY = "iPhone Developer";
				COPY_PHASE_STRIP = NO;
				DEBUG_INFORMATION_FORMAT = "dwarf-with-dsym";
				ENABLE_NS_ASSERTIONS = NO;
				ENABLE_STRICT_OBJC_MSGSEND = YES;
				GCC_C_LANGUAGE_STANDARD = gnu11;
				GCC_NO_COMMON_BLOCKS = YES;
				GCC_WARN_64_TO_32_BIT_CONVERSION = YES;
				GCC_WARN_ABOUT_RETURN_TYPE = YES_ERROR;
				GCC_WARN_UNDECLARED_SELECTOR = YES;
				GCC_WARN_UNINITIALIZED_AUTOS = YES_AGGRESSIVE;
				GCC_WARN_UNUSED_FUNCTION = YES;
				GCC_WARN_UNUSED_VARIABLE = YES;
				IPHONEOS_DEPLOYMENT_TARGET = 12.1;
				MTL_ENABLE_DEBUG_INFO = NO;
				MTL_FAST_MATH = YES;
				SDKROOT = iphoneos;
				SWIFT_COMPILATION_MODE = wholemodule;
				SWIFT_OPTIMIZATION_LEVEL = "-O";
				VALIDATE_PRODUCT = YES;
			};
			name = Release;
		};
		130B5D6421A702BE009D139B /* Debug */ = {
			isa = XCBuildConfiguration;
			buildSettings = {
				ASSETCATALOG_COMPILER_APPICON_NAME = AppIcon;
				CODE_SIGN_STYLE = Automatic;
				DEVELOPMENT_TEAM = A4LLADXJ42;
				INFOPLIST_FILE = calccalory/Info.plist;
				LD_RUNPATH_SEARCH_PATHS = (
					"$(inherited)",
					"@executable_path/Frameworks",
				);
				PRODUCT_BUNDLE_IDENTIFIER = com.sb.net.calccalory.calccalory;
				PRODUCT_NAME = "$(TARGET_NAME)";
				SWIFT_VERSION = 4.2;
				TARGETED_DEVICE_FAMILY = "1,2";
			};
			name = Debug;
		};
		130B5D6521A702BE009D139B /* Release */ = {
			isa = XCBuildConfiguration;
			buildSettings = {
				ASSETCATALOG_COMPILER_APPICON_NAME = AppIcon;
				CODE_SIGN_STYLE = Automatic;
				DEVELOPMENT_TEAM = A4LLADXJ42;
				INFOPLIST_FILE = calccalory/Info.plist;
				LD_RUNPATH_SEARCH_PATHS = (
					"$(inherited)",
					"@executable_path/Frameworks",
				);
				PRODUCT_BUNDLE_IDENTIFIER = com.sb.net.calccalory.calccalory;
				PRODUCT_NAME = "$(TARGET_NAME)";
				SWIFT_VERSION = 4.2;
				TARGETED_DEVICE_FAMILY = "1,2";
			};
			name = Release;
		};
/* End XCBuildConfiguration section */

/* Begin XCConfigurationList section */
		130B5D4C21A702BD009D139B /* Build configuration list for PBXProject "calccalory" */ = {
			isa = XCConfigurationList;
			buildConfigurations = (
				130B5D6121A702BE009D139B /* Debug */,
				130B5D6221A702BE009D139B /* Release */,
			);
			defaultConfigurationIsVisible = 0;
			defaultConfigurationName = Release;
		};
		130B5D6321A702BE009D139B /* Build configuration list for PBXNativeTarget "calccalory" */ = {
			isa = XCConfigurationList;
			buildConfigurations = (
				130B5D6421A702BE009D139B /* Debug */,
				130B5D6521A702BE009D139B /* Release */,
			);
			defaultConfigurationIsVisible = 0;
			defaultConfigurationName = Release;
		};
/* End XCConfigurationList section */
	};
	rootObject = 130B5D4921A702BD009D139B /* Project object */;
}
